
Microsoft Visual Studio Solution File, Format Version 12.00
# Visual Studio Version 17
VisualStudioVersion = 17.7.34202.233
MinimumVisualStudioVersion = 10.0.40219.1
Project("{8BC9CEB8-8B4A-11D0-8D11-00A0C91BC942}") = "Maze", "Maze\Maze.vcxproj", "{FDE120C0-72D5-404E-9C19-04A6B5F5E345}"
EndProject
Global
	GlobalSection(SolutionConfigurationPlatforms) = preSolution
		Debug|x64 = Debug|x64
		Debug|x86 = Debug|x86
		Release|x64 = Release|x64
		Release|x86 = Release|x86
	EndGlobalSection
	GlobalSection(ProjectConfigurationPlatforms) = postSolution
		{FDE120C0-72D5-404E-9C19-04A6B5F5E345}.Debug|x64.ActiveCfg = Debug|x64
		{FDE120C0-72D5-404E-9C19-04A6B5F5E345}.Debug|x64.Build.0 = Debug|x64
		{FDE120C0-72D5-404E-9C19-04A6B5F5E345}.Debug|x86.ActiveCfg = Debug|Win32
		{FDE120C0-72D5-404E-9C19-04A6B5F5E345}.Debug|x86.Build.0 = Debug|Win32
		{FDE120C0-72D5-404E-9C19-04A6B5F5E345}.Release|x64.ActiveCfg = Release|x64
		{FDE120C0-72D5-404E-9C19-04A6B5F5E345}.Release|x64.Build.0 = Release|x64
		{FDE120C0-72D5-404E-9C19-04A6B5F5E345}.Release|x86.ActiveCfg = Release|Win32
		{FDE120C0-72D5-404E-9C19-04A6B5F5E345}.Release|x86.Build.0 = Release|Win32
	EndGlobalSection
	GlobalSection(SolutionProperties) = preSolution
		HideSolutionNode = FALSE
	EndGlobalSection
	GlobalSection(ExtensibilityGlobals) = postSolution
		SolutionGuid = {57DFCCB5-A5C7-40C3-9348-625676FFA42F}
	EndGlobalSection
EndGlobal
